
Microsoft Visual Studio Solution File, Format Version 12.00
# Visual Studio 15
VisualStudioVersion = 15.0.28307.779
MinimumVisualStudioVersion = 10.0.40219.1
Project("{2150E333-8FDC-42A3-9474-1A3956D46DE8}") = "Solution Items", "Solution Items", "{AFFA57E1-A4EC-4651-8884-F38254D52DAE}"
EndProject
Project("{9A19103F-16F7-4668-BE54-9A1E7A4F7556}") = "hkd.ms.IdentityServer", "src\IdentityServer\hkd.ms.IdentityServer.csproj", "{09633E63-9D00-422D-A8A8-D983BE7CC8C8}"
EndProject
Project("{9A19103F-16F7-4668-BE54-9A1E7A4F7556}") = "hkd.ms.gestaoUsuario", "src\Api\hkd.ms.gestaoUsuario.csproj", "{AB04FAB9-C8FF-4EA5-B220-50ADC022DE2C}"
EndProject
Project("{9A19103F-16F7-4668-BE54-9A1E7A4F7556}") = "MvcClient", "..\hkd.ms.web\MvcClient.csproj", "{FF8B1110-E82E-4E6B-8C75-CD3ABC3AE042}"
EndProject
Global
	GlobalSection(SolutionConfigurationPlatforms) = preSolution
		Debug|Any CPU = Debug|Any CPU
		Release|Any CPU = Release|Any CPU
	EndGlobalSection
	GlobalSection(ProjectConfigurationPlatforms) = postSolution
		{09633E63-9D00-422D-A8A8-D983BE7CC8C8}.Debug|Any CPU.ActiveCfg = Debug|Any CPU
		{09633E63-9D00-422D-A8A8-D983BE7CC8C8}.Debug|Any CPU.Build.0 = Debug|Any CPU
		{09633E63-9D00-422D-A8A8-D983BE7CC8C8}.Release|Any CPU.ActiveCfg = Release|Any CPU
		{09633E63-9D00-422D-A8A8-D983BE7CC8C8}.Release|Any CPU.Build.0 = Release|Any CPU
		{AB04FAB9-C8FF-4EA5-B220-50ADC022DE2C}.Debug|Any CPU.ActiveCfg = Debug|Any CPU
		{AB04FAB9-C8FF-4EA5-B220-50ADC022DE2C}.Debug|Any CPU.Build.0 = Debug|Any CPU
		{AB04FAB9-C8FF-4EA5-B220-50ADC022DE2C}.Release|Any CPU.ActiveCfg = Release|Any CPU
		{AB04FAB9-C8FF-4EA5-B220-50ADC022DE2C}.Release|Any CPU.Build.0 = Release|Any CPU
		{FF8B1110-E82E-4E6B-8C75-CD3ABC3AE042}.Debug|Any CPU.ActiveCfg = Debug|Any CPU
		{FF8B1110-E82E-4E6B-8C75-CD3ABC3AE042}.Debug|Any CPU.Build.0 = Debug|Any CPU
		{FF8B1110-E82E-4E6B-8C75-CD3ABC3AE042}.Release|Any CPU.ActiveCfg = Release|Any CPU
		{FF8B1110-E82E-4E6B-8C75-CD3ABC3AE042}.Release|Any CPU.Build.0 = Release|Any CPU
	EndGlobalSection
	GlobalSection(SolutionProperties) = preSolution
		HideSolutionNode = FALSE
	EndGlobalSection
	GlobalSection(ExtensibilityGlobals) = postSolution
		SolutionGuid = {6EC4255C-A4FD-4D7C-A80B-F3939A3A8C22}
	EndGlobalSection
EndGlobal
